
Microsoft Visual Studio Solution File, Format Version 12.00
# Visual Studio Version 16
VisualStudioVersion = 16.0.29009.5
MinimumVisualStudioVersion = 10.0.40219.1
Project("{FAE04EC0-301F-11D3-BF4B-00C04F79EFBC}") = "BancoDeSeries", "BancoDeSeries.csproj", "{5F18F22C-41DF-4E8A-A516-FA02B7102EB9}"
EndProject
Global
	GlobalSection(SolutionConfigurationPlatforms) = preSolution
		Debug|Any CPU = Debug|Any CPU
		Release|Any CPU = Release|Any CPU
	EndGlobalSection
	GlobalSection(ProjectConfigurationPlatforms) = postSolution
		{5F18F22C-41DF-4E8A-A516-FA02B7102EB9}.Debug|Any CPU.ActiveCfg = Debug|Any CPU
		{5F18F22C-41DF-4E8A-A516-FA02B7102EB9}.Debug|Any CPU.Build.0 = Debug|Any CPU
		{5F18F22C-41DF-4E8A-A516-FA02B7102EB9}.Release|Any CPU.ActiveCfg = Release|Any CPU
		{5F18F22C-41DF-4E8A-A516-FA02B7102EB9}.Release|Any CPU.Build.0 = Release|Any CPU
	EndGlobalSection
	GlobalSection(SolutionProperties) = preSolution
		HideSolutionNode = FALSE
	EndGlobalSection
	GlobalSection(ExtensibilityGlobals) = postSolution
		SolutionGuid = {F024F1FA-8CA6-4D76-B5F5-6D5F70DAB5F4}
	EndGlobalSection
EndGlobal
